Microsoft Visual Studio Solution File, Format Version 11.00
# Visual Studio 2008

Project("{46A6B755-70CF-6C0A-1A3B-60535CF054AA}") = "Hell machine", "Assembly-CSharp.csproj", "{3FC34222-2E3F-CFAB-D2F4-1C2CC506B7AD}"
EndProject
Global
	GlobalSection(SolutionConfigurationPlatforms) = preSolution
		Debug|Any CPU = Debug|Any CPU
		Release|Any CPU = Release|Any CPU
	EndGlobalSection
	GlobalSection(ProjectConfigurationPlatforms) = postSolution
		{3FC34222-2E3F-CFAB-D2F4-1C2CC506B7AD}.Debug|Any CPU.ActiveCfg = Debug|Any CPU
		{3FC34222-2E3F-CFAB-D2F4-1C2CC506B7AD}.Debug|Any CPU.Build.0 = Debug|Any CPU
		{3FC34222-2E3F-CFAB-D2F4-1C2CC506B7AD}.Release|Any CPU.ActiveCfg = Release|Any CPU
		{3FC34222-2E3F-CFAB-D2F4-1C2CC506B7AD}.Release|Any CPU.Build.0 = Release|Any CPU
	EndGlobalSection
	GlobalSection(SolutionProperties) = preSolution
		HideSolutionNode = FALSE
	EndGlobalSection
	GlobalSection(MonoDevelopProperties) = preSolution
		StartupItem = Assembly-CSharp.csproj
	EndGlobalSection
EndGlobal
